
Microsoft Visual Studio Solution File, Format Version 12.00
# Visual Studio 15
VisualStudioVersion = 15.0.28307.645
MinimumVisualStudioVersion = 10.0.40219.1
Project("{FAE04EC0-301F-11D3-BF4B-00C04F79EFBC}") = "SingleResponsibility", "SingleResponsibility\SingleResponsibility.csproj", "{756146E4-DED0-494B-AA82-5E0A265138D4}"
EndProject
Project("{FAE04EC0-301F-11D3-BF4B-00C04F79EFBC}") = "OpenClosed", "OpenClosed\OpenClosed.csproj", "{3B07BBEC-E832-41FE-B405-26FF2B9C6E75}"
EndProject
Project("{FAE04EC0-301F-11D3-BF4B-00C04F79EFBC}") = "Liskov", "Liskov\Liskov.csproj", "{F4B84835-A6B0-4332-A27C-70E0E2F87CAF}"
EndProject
Project("{FAE04EC0-301F-11D3-BF4B-00C04F79EFBC}") = "DI", "DI\DI.csproj", "{B926E203-1E64-4415-A1F9-C033F11C63C7}"
EndProject
Project("{FAE04EC0-301F-11D3-BF4B-00C04F79EFBC}") = "DependencyInversion", "DependencyInversion\DependencyInversion.csproj", "{FA22C53B-21E8-408F-A555-69B2644CEC26}"
EndProject
Project("{FAE04EC0-301F-11D3-BF4B-00C04F79EFBC}") = "Mocking", "Mocking\Mocking.csproj", "{CF6C527A-BCEF-4D56-B05C-1F9E5996C186}"
EndProject
Global
	GlobalSection(SolutionConfigurationPlatforms) = preSolution
		Debug|Any CPU = Debug|Any CPU
		Release|Any CPU = Release|Any CPU
	EndGlobalSection
	GlobalSection(ProjectConfigurationPlatforms) = postSolution
		{756146E4-DED0-494B-AA82-5E0A265138D4}.Debug|Any CPU.ActiveCfg = Debug|Any CPU
		{756146E4-DED0-494B-AA82-5E0A265138D4}.Debug|Any CPU.Build.0 = Debug|Any CPU
		{756146E4-DED0-494B-AA82-5E0A265138D4}.Release|Any CPU.ActiveCfg = Release|Any CPU
		{756146E4-DED0-494B-AA82-5E0A265138D4}.Release|Any CPU.Build.0 = Release|Any CPU
		{3B07BBEC-E832-41FE-B405-26FF2B9C6E75}.Debug|Any CPU.ActiveCfg = Debug|Any CPU
		{3B07BBEC-E832-41FE-B405-26FF2B9C6E75}.Debug|Any CPU.Build.0 = Debug|Any CPU
		{3B07BBEC-E832-41FE-B405-26FF2B9C6E75}.Release|Any CPU.ActiveCfg = Release|Any CPU
		{3B07BBEC-E832-41FE-B405-26FF2B9C6E75}.Release|Any CPU.Build.0 = Release|Any CPU
		{F4B84835-A6B0-4332-A27C-70E0E2F87CAF}.Debug|Any CPU.ActiveCfg = Debug|Any CPU
		{F4B84835-A6B0-4332-A27C-70E0E2F87CAF}.Debug|Any CPU.Build.0 = Debug|Any CPU
		{F4B84835-A6B0-4332-A27C-70E0E2F87CAF}.Release|Any CPU.ActiveCfg = Release|Any CPU
		{F4B84835-A6B0-4332-A27C-70E0E2F87CAF}.Release|Any CPU.Build.0 = Release|Any CPU
		{B926E203-1E64-4415-A1F9-C033F11C63C7}.Debug|Any CPU.ActiveCfg = Debug|Any CPU
		{B926E203-1E64-4415-A1F9-C033F11C63C7}.Debug|Any CPU.Build.0 = Debug|Any CPU
		{B926E203-1E64-4415-A1F9-C033F11C63C7}.Release|Any CPU.ActiveCfg = Release|Any CPU
		{B926E203-1E64-4415-A1F9-C033F11C63C7}.Release|Any CPU.Build.0 = Release|Any CPU
		{FA22C53B-21E8-408F-A555-69B2644CEC26}.Debug|Any CPU.ActiveCfg = Debug|Any CPU
		{FA22C53B-21E8-408F-A555-69B2644CEC26}.Debug|Any CPU.Build.0 = Debug|Any CPU
		{FA22C53B-21E8-408F-A555-69B2644CEC26}.Release|Any CPU.ActiveCfg = Release|Any CPU
		{FA22C53B-21E8-408F-A555-69B2644CEC26}.Release|Any CPU.Build.0 = Release|Any CPU
		{CF6C527A-BCEF-4D56-B05C-1F9E5996C186}.Debug|Any CPU.ActiveCfg = Debug|Any CPU
		{CF6C527A-BCEF-4D56-B05C-1F9E5996C186}.Debug|Any CPU.Build.0 = Debug|Any CPU
		{CF6C527A-BCEF-4D56-B05C-1F9E5996C186}.Release|Any CPU.ActiveCfg = Release|Any CPU
		{CF6C527A-BCEF-4D56-B05C-1F9E5996C186}.Release|Any CPU.Build.0 = Release|Any CPU
	EndGlobalSection
	GlobalSection(SolutionProperties) = preSolution
		HideSolutionNode = FALSE
	EndGlobalSection
	GlobalSection(ExtensibilityGlobals) = postSolution
		SolutionGuid = {5C1CB9BC-A424-45FD-AD04-262C839B6F54}
	EndGlobalSection
EndGlobal
